
Microsoft Visual Studio Solution File, Format Version 12.00
# Visual Studio 15
Project("{FAE04EC0-301F-11D3-BF4B-00C04F79EFBC}") = "Palindrome", "Palindrome\Palindrome.csproj", "{64174C6C-C12A-40DD-A485-D06FF01F089E}"
EndProject
Global
	GlobalSection(SolutionConfigurationPlatforms) = preSolution
		Debug|anycpu = Debug|anycpu
		Release|anycpu = Release|anycpu
	EndGlobalSection
	GlobalSection(ProjectConfigurationPlatforms) = postSolution
		{64174C6C-C12A-40DD-A485-D06FF01F089E}.Debug|anycpu.ActiveCfg = Debug|anycpu
		{64174C6C-C12A-40DD-A485-D06FF01F089E}.Debug|anycpu.Build.0 = Debug|anycpu
		{64174C6C-C12A-40DD-A485-D06FF01F089E}.Release|anycpu.ActiveCfg = Release|anycpu
		{64174C6C-C12A-40DD-A485-D06FF01F089E}.Release|anycpu.Build.0 = Release|anycpu
	EndGlobalSection
EndGlobal
